
Microsoft Visual Studio Solution File, Format Version 12.00
# Visual Studio Version 16
VisualStudioVersion = 16.0.32510.428
MinimumVisualStudioVersion = 10.0.40219.1
Project("{FAE04EC0-301F-11D3-BF4B-00C04F79EFBC}") = "ExamenRecuperacion", "ExamenRecuperacion\ExamenRecuperacion.csproj", "{C835B737-F27C-4B41-B96E-93DE2FC111E0}"
EndProject
Global
	GlobalSection(SolutionConfigurationPlatforms) = preSolution
		Debug|Any CPU = Debug|Any CPU
		Release|Any CPU = Release|Any CPU
	EndGlobalSection
	GlobalSection(ProjectConfigurationPlatforms) = postSolution
		{C835B737-F27C-4B41-B96E-93DE2FC111E0}.Debug|Any CPU.ActiveCfg = Debug|Any CPU
		{C835B737-F27C-4B41-B96E-93DE2FC111E0}.Debug|Any CPU.Build.0 = Debug|Any CPU
		{C835B737-F27C-4B41-B96E-93DE2FC111E0}.Release|Any CPU.ActiveCfg = Release|Any CPU
		{C835B737-F27C-4B41-B96E-93DE2FC111E0}.Release|Any CPU.Build.0 = Release|Any CPU
	EndGlobalSection
	GlobalSection(SolutionProperties) = preSolution
		HideSolutionNode = FALSE
	EndGlobalSection
	GlobalSection(ExtensibilityGlobals) = postSolution
		SolutionGuid = {557A9505-F9FF-4739-9696-8B6DC83AB6EE}
	EndGlobalSection
EndGlobal
